
Microsoft Visual Studio Solution File, Format Version 12.00
# Visual Studio Version 17
VisualStudioVersion = 17.8.34330.188
MinimumVisualStudioVersion = 10.0.40219.1
Project("{FAE04EC0-301F-11D3-BF4B-00C04F79EFBC}") = "primeiroJogoC#", "primeiroJogoC#\primeiroJogoC#.csproj", "{A6F58297-55C2-4F93-A9FA-7D694B1301E4}"
EndProject
Global
	GlobalSection(SolutionConfigurationPlatforms) = preSolution
		Debug|Any CPU = Debug|Any CPU
		Release|Any CPU = Release|Any CPU
	EndGlobalSection
	GlobalSection(ProjectConfigurationPlatforms) = postSolution
		{A6F58297-55C2-4F93-A9FA-7D694B1301E4}.Debug|Any CPU.ActiveCfg = Debug|Any CPU
		{A6F58297-55C2-4F93-A9FA-7D694B1301E4}.Debug|Any CPU.Build.0 = Debug|Any CPU
		{A6F58297-55C2-4F93-A9FA-7D694B1301E4}.Release|Any CPU.ActiveCfg = Release|Any CPU
		{A6F58297-55C2-4F93-A9FA-7D694B1301E4}.Release|Any CPU.Build.0 = Release|Any CPU
	EndGlobalSection
	GlobalSection(SolutionProperties) = preSolution
		HideSolutionNode = FALSE
	EndGlobalSection
	GlobalSection(ExtensibilityGlobals) = postSolution
		SolutionGuid = {2EC7CFC3-A7D3-4E47-BEDA-D6EFA82A0F66}
	EndGlobalSection
EndGlobal
